
Microsoft Visual Studio Solution File, Format Version 12.00
# Visual Studio 15
VisualStudioVersion = 15.0.26430.14
MinimumVisualStudioVersion = 10.0.40219.1
Project("{9092AA53-FB77-4645-B42D-1CCCA6BD08BD}") = "Consulto", "Consulto\Consulto.njsproj", "{B7A6A3A1-8F74-49DF-A71A-B05A09282EED}"
EndProject
Global
	GlobalSection(SolutionConfigurationPlatforms) = preSolution
		Debug|Any CPU = Debug|Any CPU
		Release|Any CPU = Release|Any CPU
	EndGlobalSection
	GlobalSection(ProjectConfigurationPlatforms) = postSolution
		{B7A6A3A1-8F74-49DF-A71A-B05A09282EED}.Debug|Any CPU.ActiveCfg = Debug|Any CPU
		{B7A6A3A1-8F74-49DF-A71A-B05A09282EED}.Debug|Any CPU.Build.0 = Debug|Any CPU
		{B7A6A3A1-8F74-49DF-A71A-B05A09282EED}.Release|Any CPU.ActiveCfg = Release|Any CPU
		{B7A6A3A1-8F74-49DF-A71A-B05A09282EED}.Release|Any CPU.Build.0 = Release|Any CPU
	EndGlobalSection
	GlobalSection(SolutionProperties) = preSolution
		HideSolutionNode = FALSE
	EndGlobalSection
EndGlobal
